// !$*UTF8*$!
{
	archiveVersion = 1;
	classes = {
	};
	objectVersion = 46;
	objects = {

/* Begin PBXBuildFile section */
		359705A11C08159E00D13FE9 /* AppDelegate.swift in Sources */ = {isa = PBXBuildFile; fileRef = 359705A01C08159E00D13FE9 /* AppDelegate.swift */; };
		359705A31C08159E00D13FE9 /* ViewController.swift in Sources */ = {isa = PBXBuildFile; fileRef = 359705A21C08159E00D13FE9 /* ViewController.swift */; };
		359705A61C08159E00D13FE9 /* Main.storyboard in Resources */ = {isa = PBXBuildFile; fileRef = 359705A41C08159E00D13FE9 /* Main.storyboard */; };
		359705A91C08159E00D13FE9 /* MyCars.xcdatamodeld in Sources */ = {isa = PBXBuildFile; fileRef = 359705A71C08159E00D13FE9 /* MyCars.xcdatamodeld */; };
		359705AB1C08159E00D13FE9 /* Assets.xcassets in Resources */ = {isa = PBXBuildFile; fileRef = 359705AA1C08159E00D13FE9 /* Assets.xcassets */; };
		359705AE1C08159E00D13FE9 /* LaunchScreen.storyboard in Resources */ = {isa = PBXBuildFile; fileRef = 359705AC1C08159E00D13FE9 /* LaunchScreen.storyboard */; };
/* End PBXBuildFile section */

/* Begin PBXFileReference section */
		3597059D1C08159E00D13FE9 /* MyCars.app */ = {isa = PBXFileReference; explicitFileType = wrapper.application; includeInIndex = 0; path = MyCars.app; sourceTree = BUILT_PRODUCTS_DIR; };
		359705A01C08159E00D13FE9 /* AppDelegate.swift */ = {isa = PBXFileReference; lastKnownFileType = sourcecode.swift; path = AppDelegate.swift; sourceTree = "<group>"; };
		359705A21C08159E00D13FE9 /* ViewController.swift */ = {isa = PBXFileReference; lastKnownFileType = sourcecode.swift; path = ViewController.swift; sourceTree = "<group>"; };
		359705A51C08159E00D13FE9 /* Base */ = {isa = PBXFileReference; lastKnownFileType = file.storyboard; name = Base; path = Base.lproj/Main.storyboard; sourceTree = "<group>"; };
		359705A81C08159E00D13FE9 /* MyCars.xcdatamodel */ = {isa = PBXFileReference; lastKnownFileType = wrapper.xcdatamodel; path = MyCars.xcdatamodel; sourceTree = "<group>"; };
		359705AA1C08159E00D13FE9 /* Assets.xcassets */ = {isa = PBXFileReference; lastKnownFileType = folder.assetcatalog; path = Assets.xcassets; sourceTree = "<group>"; };
		359705AD1C08159E00D13FE9 /* Base */ = {isa = PBXFileReference; lastKnownFileType = file.storyboard; name = Base; path = Base.lproj/LaunchScreen.storyboard; sourceTree = "<group>"; };
		359705AF1C08159E00D13FE9 /* Info.plist */ = {isa = PBXFileReference; lastKnownFileType = text.plist.xml; path = Info.plist; sourceTree = "<group>"; };
/* End PBXFileReference section */

/* Begin PBXFrameworksBuildPhase section */
		3597059A1C08159E00D13FE9 /* Frameworks */ = {
			isa = PBXFrameworksBuildPhase;
			buildActionMask = 2147483647;
			files = (
			);
			runOnlyForDeploymentPostprocessing = 0;
		};
/* End PBXFrameworksBuildPhase section */

/* Begin PBXGroup section */
		359705941C08159E00D13FE9 = {
			isa = PBXGroup;
			children = (
				3597059F1C08159E00D13FE9 /* MyCars */,
				3597059E1C08159E00D13FE9 /* Products */,
			);
			sourceTree = "<group>";
		};
		3597059E1C08159E00D13FE9 /* Products */ = {
			isa = PBXGroup;
			children = (
				3597059D1C08159E00D13FE9 /* MyCars.app */,
			);
			name = Products;
			sourceTree = "<group>";
		};
		3597059F1C08159E00D13FE9 /* MyCars */ = {
			isa = PBXGroup;
			children = (
				359705A01C08159E00D13FE9 /* AppDelegate.swift */,
				359705A21C08159E00D13FE9 /* ViewController.swift */,
				359705A41C08159E00D13FE9 /* Main.storyboard */,
				359705AA1C08159E00D13FE9 /* Assets.xcassets */,
				359705AC1C08159E00D13FE9 /* LaunchScreen.storyboard */,
				359705AF1C08159E00D13FE9 /* Info.plist */,
				359705A71C08159E00D13FE9 /* MyCars.xcdatamodeld */,
			);
			path = MyCars;
			sourceTree = "<group>";
		};
/* End PBXGroup section */

/* Begin PBXNativeTarget section */
		3597059C1C08159E00D13FE9 /* MyCars */ = {
			isa = PBXNativeTarget;
			buildConfigurationList = 359705B21C08159E00D13FE9 /* Build configuration list for PBXNativeTarget "MyCars" */;
			buildPhases = (
				359705991C08159E00D13FE9 /* Sources */,
				3597059A1C08159E00D13FE9 /* Frameworks */,
				3597059B1C08159E00D13FE9 /* Resources */,
			);
			buildRules = (
			);
			dependencies = (
			);
			name = MyCars;
			productName = MyCars;
			productReference = 3597059D1C08159E00D13FE9 /* MyCars.app */;
			productType = "com.apple.product-type.application";
		};
/* End PBXNativeTarget section */

/* Begin PBXProject section */
		359705951C08159E00D13FE9 /* Project object */ = {
			isa = PBXProject;
			attributes = {
				LastSwiftUpdateCheck = 0710;
				LastUpgradeCheck = 0710;
				ORGANIZATIONNAME = "Ivan Akulov";
				TargetAttributes = {
					3597059C1C08159E00D13FE9 = {
						CreatedOnToolsVersion = 7.1.1;
					};
				};
			};
			buildConfigurationList = 359705981C08159E00D13FE9 /* Build configuration list for PBXProject "MyCars" */;
			compatibilityVersion = "Xcode 3.2";
			developmentRegion = English;
			hasScannedForEncodings = 0;
			knownRegions = (
				en,
				Base,
			);
			mainGroup = 359705941C08159E00D13FE9;
			productRefGroup = 3597059E1C08159E00D13FE9 /* Products */;
			projectDirPath = "";
			projectRoot = "";
			targets = (
				3597059C1C08159E00D13FE9 /* MyCars */,
			);
		};
/* End PBXProject section */

/* Begin PBXResourcesBuildPhase section */
		3597059B1C08159E00D13FE9 /* Resources */ = {
			isa = PBXResourcesBuildPhase;
			buildActionMask = 2147483647;
			files = (
				359705AE1C08159E00D13FE9 /* LaunchScreen.storyboard in Resources */,
				359705AB1C08159E00D13FE9 /* Assets.xcassets in Resources */,
				359705A61C08159E00D13FE9 /* Main.storyboard in Resources */,
			);
			runOnlyForDeploymentPostprocessing = 0;
		};
/* End PBXResourcesBuildPhase section */

/* Begin PBXSourcesBuildPhase section */
		359705991C08159E00D13FE9 /* Sources */ = {
			isa = PBXSourcesBuildPhase;
			buildActionMask = 2147483647;
			files = (
				359705A31C08159E00D13FE9 /* ViewController.swift in Sources */,
				359705A91C08159E00D13FE9 /* MyCars.xcdatamodeld in Sources */,
				359705A11C08159E00D13FE9 /* AppDelegate.swift in Sources */,
			);
			runOnlyForDeploymentPostprocessing = 0;
		};
/* End PBXSourcesBuildPhase section */

/* Begin PBXVariantGroup section */
		359705A41C08159E00D13FE9 /* Main.storyboard */ = {
			isa = PBXVariantGroup;
			children = (
				359705A51C08159E00D13FE9 /* Base */,
			);
			name = Main.storyboard;
			sourceTree = "<group>";
		};
		359705AC1C08159E00D13FE9 /* LaunchScreen.storyboard */ = {
			isa = PBXVariantGroup;
			children = (
				359705AD1C08159E00D13FE9 /* Base */,
			);
			name = LaunchScreen.storyboard;
			sourceTree = "<group>";
		};
/* End PBXVariantGroup section */

/* Begin XCBuildConfiguration section */
		359705B01C08159E00D13FE9 /* Debug */ = {
			isa = XCBuildConfiguration;
			buildSettings = {
				ALWAYS_SEARCH_USER_PATHS = NO;
				CLANG_CXX_LANGUAGE_STANDARD = "gnu++0x";
				CLANG_CXX_LIBRARY = "libc++";
				CLANG_ENABLE_MODULES = YES;
				CLANG_ENABLE_OBJC_ARC = YES;
				CLANG_WARN_BOOL_CONVERSION = YES;
				CLANG_WARN_CONSTANT_CONVERSION = YES;
				CLANG_WARN_DIRECT_OBJC_ISA_USAGE = YES_ERROR;
				CLANG_WARN_EMPTY_BODY = YES;
				CLANG_WARN_ENUM_CONVERSION = YES;
				CLANG_WARN_INT_CONVERSION = YES;
				CLANG_WARN_OBJC_ROOT_CLASS = YES_ERROR;
				CLANG_WARN_UNREACHABLE_CODE = YES;
				CLANG_WARN__DUPLICATE_METHOD_MATCH = YES;
				"CODE_SIGN_IDENTITY[sdk=iphoneos*]" = "iPhone Developer";
				COPY_PHASE_STRIP = NO;
				DEBUG_INFORMATION_FORMAT = dwarf;
				ENABLE_STRICT_OBJC_MSGSEND = YES;
				ENABLE_TESTABILITY = YES;
				GCC_C_LANGUAGE_STANDARD = gnu99;
				GCC_DYNAMIC_NO_PIC = NO;
				GCC_NO_COMMON_BLOCKS = YES;
				GCC_OPTIMIZATION_LEVEL = 0;
				GCC_PREPROCESSOR_DEFINITIONS = (
					"DEBUG=1",
					"$(inherited)",
				);
				GCC_WARN_64_TO_32_BIT_CONVERSION = YES;
				GCC_WARN_ABOUT_RETURN_TYPE = YES_ERROR;
				GCC_WARN_UNDECLARED_SELECTOR = YES;
				GCC_WARN_UNINITIALIZED_AUTOS = YES_AGGRESSIVE;
				GCC_WARN_UNUSED_FUNCTION = YES;
				GCC_WARN_UNUSED_VARIABLE = YES;
				IPHONEOS_DEPLOYMENT_TARGET = 9.1;
				MTL_ENABLE_DEBUG_INFO = YES;
				ONLY_ACTIVE_ARCH = YES;
				SDKROOT = iphoneos;
				SWIFT_OPTIMIZATION_LEVEL = "-Onone";
			};
			name = Debug;
		};
		359705B11C08159E00D13FE9 /* Release */ = {
			isa = XCBuildConfiguration;
			buildSettings = {
				ALWAYS_SEARCH_USER_PATHS = NO;
				CLANG_CXX_LANGUAGE_STANDARD = "gnu++0x";
				CLANG_CXX_LIBRARY = "libc++";
				CLANG_ENABLE_MODULES = YES;
				CLANG_ENABLE_OBJC_ARC = YES;
				CLANG_WARN_BOOL_CONVERSION = YES;
				CLANG_WARN_CONSTANT_CONVERSION = YES;
				CLANG_WARN_DIRECT_OBJC_ISA_USAGE = YES_ERROR;
				CLANG_WARN_EMPTY_BODY = YES;
				CLANG_WARN_ENUM_CONVERSION = YES;
				CLANG_WARN_INT_CONVERSION = YES;
				CLANG_WARN_OBJC_ROOT_CLASS = YES_ERROR;
				CLANG_WARN_UNREACHABLE_CODE = YES;
				CLANG_WARN__DUPLICATE_METHOD_MATCH = YES;
				"CODE_SIGN_IDENTITY[sdk=iphoneos*]" = "iPhone Developer";
				COPY_PHASE_STRIP = NO;
				DEBUG_INFORMATION_FORMAT = "dwarf-with-dsym";
				ENABLE_NS_ASSERTIONS = NO;
				ENABLE_STRICT_OBJC_MSGSEND = YES;
				GCC_C_LANGUAGE_STANDARD = gnu99;
				GCC_NO_COMMON_BLOCKS = YES;
				GCC_WARN_64_TO_32_BIT_CONVERSION = YES;
				GCC_WARN_ABOUT_RETURN_TYPE = YES_ERROR;
				GCC_WARN_UNDECLARED_SELECTOR = YES;
				GCC_WARN_UNINITIALIZED_AUTOS = YES_AGGRESSIVE;
				GCC_WARN_UNUSED_FUNCTION = YES;
				GCC_WARN_UNUSED_VARIABLE = YES;
				IPHONEOS_DEPLOYMENT_TARGET = 9.1;
				MTL_ENABLE_DEBUG_INFO = NO;
				SDKROOT = iphoneos;
				VALIDATE_PRODUCT = YES;
			};
			name = Release;
		};
		359705B31C08159E00D13FE9 /* Debug */ = {
			isa = XCBuildConfiguration;
			buildSettings = {
				ASSETCATALOG_COMPILER_APPICON_NAME = AppIcon;
				INFOPLIST_FILE = MyCars/Info.plist;
				LD_RUNPATH_SEARCH_PATHS = "$(inherited) @executable_path/Frameworks";
				PRODUCT_BUNDLE_IDENTIFIER = ru.swiftbook.MyCars;
				PRODUCT_NAME = "$(TARGET_NAME)";
			};
			name = Debug;
		};
		359705B41C08159E00D13FE9 /* Release */ = {
			isa = XCBuildConfiguration;
			buildSettings = {
				ASSETCATALOG_COMPILER_APPICON_NAME = AppIcon;
				INFOPLIST_FILE = MyCars/Info.plist;
				LD_RUNPATH_SEARCH_PATHS = "$(inherited) @executable_path/Frameworks";
				PRODUCT_BUNDLE_IDENTIFIER = ru.swiftbook.MyCars;
				PRODUCT_NAME = "$(TARGET_NAME)";
			};
			name = Release;
		};
/* End XCBuildConfiguration section */

/* Begin XCConfigurationList section */
		359705981C08159E00D13FE9 /* Build configuration list for PBXProject "MyCars" */ = {
			isa = XCConfigurationList;
			buildConfigurations = (
				359705B01C08159E00D13FE9 /* Debug */,
				359705B11C08159E00D13FE9 /* Release */,
			);
			defaultConfigurationIsVisible = 0;
			defaultConfigurationName = Release;
		};
		359705B21C08159E00D13FE9 /* Build configuration list for PBXNativeTarget "MyCars" */ = {
			isa = XCConfigurationList;
			buildConfigurations = (
				359705B31C08159E00D13FE9 /* Debug */,
				359705B41C08159E00D13FE9 /* Release */,
			);
			defaultConfigurationIsVisible = 0;
		};
/* End XCConfigurationList section */

/* Begin XCVersionGroup section */
		359705A71C08159E00D13FE9 /* MyCars.xcdatamodeld */ = {
			isa = XCVersionGroup;
			children = (
				359705A81C08159E00D13FE9 /* MyCars.xcdatamodel */,
			);
			currentVersion = 359705A81C08159E00D13FE9 /* MyCars.xcdatamodel */;
			path = MyCars.xcdatamodeld;
			sourceTree = "<group>";
			versionGroupType = wrapper.xcdatamodel;
		};
/* End XCVersionGroup section */
	};
	rootObject = 359705951C08159E00D13FE9 /* Project object */;
}
